
Microsoft Visual Studio Solution File, Format Version 12.00
# Visual Studio Version 17
VisualStudioVersion = 17.10.34916.146
MinimumVisualStudioVersion = 10.0.40219.1
Project("{FAE04EC0-301F-11D3-BF4B-00C04F79EFBC}") = "Trenitalia_backEnd", "Trenitalia_backEnd\Trenitalia_backEnd.csproj", "{AA02F525-5EA8-4FB2-AD77-27E3F67EB9B4}"
EndProject
Global
	GlobalSection(SolutionConfigurationPlatforms) = preSolution
		Debug|Any CPU = Debug|Any CPU
		Release|Any CPU = Release|Any CPU
	EndGlobalSection
	GlobalSection(ProjectConfigurationPlatforms) = postSolution
		{AA02F525-5EA8-4FB2-AD77-27E3F67EB9B4}.Debug|Any CPU.ActiveCfg = Debug|Any CPU
		{AA02F525-5EA8-4FB2-AD77-27E3F67EB9B4}.Debug|Any CPU.Build.0 = Debug|Any CPU
		{AA02F525-5EA8-4FB2-AD77-27E3F67EB9B4}.Release|Any CPU.ActiveCfg = Release|Any CPU
		{AA02F525-5EA8-4FB2-AD77-27E3F67EB9B4}.Release|Any CPU.Build.0 = Release|Any CPU
	EndGlobalSection
	GlobalSection(SolutionProperties) = preSolution
		HideSolutionNode = FALSE
	EndGlobalSection
	GlobalSection(ExtensibilityGlobals) = postSolution
		SolutionGuid = {E90C8C9C-27B0-4514-AB8A-1FD2AE97A5C5}
	EndGlobalSection
EndGlobal
